
Microsoft Visual Studio Solution File, Format Version 12.00
# Visual Studio Version 17
VisualStudioVersion = 17.14.36811.4 d17.14
MinimumVisualStudioVersion = 10.0.40219.1
Project("{FAE04EC0-301F-11D3-BF4B-00C04F79EFBC}") = "BlazorNBADashboard", "BlazorNBADashboard.csproj", "{ABDD86AB-825E-427B-A6B9-58EF8BECF6CF}"
EndProject
Global
	GlobalSection(SolutionConfigurationPlatforms) = preSolution
		Debug|Any CPU = Debug|Any CPU
		Release|Any CPU = Release|Any CPU
	EndGlobalSection
	GlobalSection(ProjectConfigurationPlatforms) = postSolution
		{ABDD86AB-825E-427B-A6B9-58EF8BECF6CF}.Debug|Any CPU.ActiveCfg = Debug|Any CPU
		{ABDD86AB-825E-427B-A6B9-58EF8BECF6CF}.Debug|Any CPU.Build.0 = Debug|Any CPU
		{ABDD86AB-825E-427B-A6B9-58EF8BECF6CF}.Release|Any CPU.ActiveCfg = Release|Any CPU
		{ABDD86AB-825E-427B-A6B9-58EF8BECF6CF}.Release|Any CPU.Build.0 = Release|Any CPU
	EndGlobalSection
	GlobalSection(SolutionProperties) = preSolution
		HideSolutionNode = FALSE
	EndGlobalSection
	GlobalSection(ExtensibilityGlobals) = postSolution
		SolutionGuid = {16423DED-FD03-4ADC-982D-22E1C94B0F6B}
	EndGlobalSection
EndGlobal
